lockfileVersion: 5.4

specifiers:
  chrome-remote-interface: ^0.31.1
  ws: ^8.5.0

dependencies:
  chrome-remote-interface: 0.31.2
  ws: 8.8.0

packages:

  /chrome-remote-interface/0.31.2:
    resolution: {integrity: sha512-vpdJoI9cDRNAfV5oB2ulwXDltvu3Ov9PTblnV48VXcF4zUx1p4xvCLssc5AZ/WLYp4003YxJqLEi8FagPw2vTQ==}
    hasBin: true
    dependencies:
      commander: 2.11.0
      ws: 7.5.8
    transitivePeerDependencies:
      - bufferutil
      - utf-8-validate
    dev: false

  /commander/2.11.0:
    resolution: {integrity: sha512-b0553uYA5YAEGgyYIGYROzKQ7X5RAqedkfjiZxwi0kL1g3bOaBNNZfYkzt/CL0umgD5wc9Jec2FbB98CjkMRvQ==}
    dev: false

  /ws/7.5.8:
    resolution: {integrity: sha512-ri1Id1WinAX5Jqn9HejiGb8crfRio0Qgu8+MtL36rlTA6RLsMdWt1Az/19A2Qij6uSHUMphEFaTKa4WG+UNHNw==}
    engines: {node: '>=8.3.0'}
    peerDependencies:
      bufferutil: ^4.0.1
      utf-8-validate: ^5.0.2
    peerDependenciesMeta:
      bufferutil:
        optional: true
      utf-8-validate:
        optional: true
    dev: false

  /ws/8.8.0:
    resolution: {integrity: sha512-JDAgSYQ1ksuwqfChJusw1LSJ8BizJ2e/vVu5Lxjq3YvNJNlROv1ui4i+c/kUUrPheBvQl4c5UbERhTwKa6QBJQ==}
    engines: {node: '>=10.0.0'}
    peerDependencies:
      bufferutil: ^4.0.1
      utf-8-validate: ^5.0.2
    peerDependenciesMeta:
      bufferutil:
        optional: true
      utf-8-validate:
        optional: true
    dev: false
